<?xml version="1.0" encoding="utf-8"?>
<Project ToolsVersion="4.0" xmlns="http://schemas.microsoft.com/developer/msbuild/2003">
  <ItemGroup>
    <Filter Include="Utils">
      <UniqueIdentifier>{4FC737F1-C7A5-4376-A066-2A32D752A2FF}</UniqueIdentifier>
      <Extensions>cpp;c;cc;cxx;c++;cppm;ixx;def;odl;idl;hpj;bat;asm;asmx</Extensions>
    </Filter>
    <Filter Include="Main">
      <UniqueIdentifier>{67DA6AB6-F800-4c08-8B7A-83BB121AAD01}</UniqueIdentifier>
      <Extensions>rc;ico;cur;bmp;dlg;rc2;rct;bin;rgs;gif;jpg;jpeg;jpe;resx;tiff;tif;png;wav;mfcribbon-ms</Extensions>
    </Filter>
    <Filter Include="Network">
      <UniqueIdentifier>{8a30fb2c-5c79-4fd6-8444-f57c3a6c6d6f}</UniqueIdentifier>
    </Filter>
    <Filter Include="Protocol">
      <UniqueIdentifier>{62d6b0b8-652f-4908-8b56-81a998a44665}</UniqueIdentifier>
    </Filter>
    <Filter Include="GameContent">
      <UniqueIdentifier>{bb631d75-f586-4a3b-9728-3d278fa7d4b7}</UniqueIdentifier>
    </Filter>
    <Filter Include="GameContent\Scene">
      <UniqueIdentifier>{d2cb8fb8-386c-4203-9362-aeeb925fab27}</UniqueIdentifier>
    </Filter>
    <Filter Include="GameContent\Manager">
      <UniqueIdentifier>{873d5d55-19ed-437a-bc3a-582b1b84dfcc}</UniqueIdentifier>
    </Filter>
    <Filter Include="GameContent\Actor">
      <UniqueIdentifier>{de20366e-aa4b-4873-83b6-e41fea426ad7}</UniqueIdentifier>
    </Filter>
    <Filter Include="GameContent\Component">
      <UniqueIdentifier>{f9e5f86c-bb04-4bd6-b194-a98633fa5dca}</UniqueIdentifier>
    </Filter>
    <Filter Include="GameContent\GUI">
      <UniqueIdentifier>{6ba1b5de-76ea-473a-800d-f635786c072b}</UniqueIdentifier>
    </Filter>
  </ItemGroup>
  <ItemGroup>
    <ClCompile Include="pch.cpp">
      <Filter>Utils</Filter>
    </ClCompile>
    <ClCompile Include="main.cpp">
      <Filter>Main</Filter>
    </ClCompile>
    <ClCompile Include="Protocol.pb.cc">
      <Filter>Protocol</Filter>
    </ClCompile>
    <ClCompile Include="Struct.pb.cc">
      <Filter>Protocol</Filter>
    </ClCompile>
    <ClCompile Include="Enum.pb.cc">
      <Filter>Protocol</Filter>
    </ClCompile>
    <ClCompile Include="ServerSession.cpp">
      <Filter>Network</Filter>
    </ClCompile>
    <ClCompile Include="ServerPacketHandler.cpp">
      <Filter>Network</Filter>
    </ClCompile>
    <ClCompile Include="Game.cpp">
      <Filter>GameContent</Filter>
    </ClCompile>
    <ClCompile Include="PlayScene.cpp">
      <Filter>GameContent\Scene</Filter>
    </ClCompile>
    <ClCompile Include="Manager.cpp">
      <Filter>GameContent\Manager</Filter>
    </ClCompile>
    <ClCompile Include="SceneManager.cpp">
      <Filter>GameContent\Manager</Filter>
    </ClCompile>
    <ClCompile Include="Scene.cpp">
      <Filter>GameContent\Scene</Filter>
    </ClCompile>
    <ClCompile Include="Actor.cpp">
      <Filter>GameContent\Actor</Filter>
    </ClCompile>
    <ClCompile Include="Component.cpp">
      <Filter>GameContent\Component</Filter>
    </ClCompile>
    <ClCompile Include="TimeManager.cpp">
      <Filter>GameContent\Manager</Filter>
    </ClCompile>
    <ClCompile Include="RenderManager.cpp">
      <Filter>GameContent\Manager</Filter>
    </ClCompile>
    <ClCompile Include="SpriteComponent.cpp">
      <Filter>GameContent\Component</Filter>
    </ClCompile>
    <ClCompile Include="AnimMultipleSpriteComponent.cpp">
      <Filter>GameContent\Component</Filter>
    </ClCompile>
    <ClCompile Include="Ship.cpp">
      <Filter>GameContent\Actor</Filter>
    </ClCompile>
    <ClCompile Include="AssetManager.cpp">
      <Filter>GameContent\Manager</Filter>
    </ClCompile>
    <ClCompile Include="Grid.cpp">
      <Filter>GameContent\Actor</Filter>
    </ClCompile>
    <ClCompile Include="AIState.cpp">
      <Filter>GameContent\Component</Filter>
    </ClCompile>
    <ClCompile Include="AIComponent.cpp">
      <Filter>GameContent\Component</Filter>
    </ClCompile>
    <ClCompile Include="NavComponent.cpp">
      <Filter>GameContent\Component</Filter>
    </ClCompile>
    <ClCompile Include="MoveComponent.cpp">
      <Filter>GameContent\Component</Filter>
    </ClCompile>
    <ClCompile Include="CircleComponent.cpp">
      <Filter>GameContent\Component</Filter>
    </ClCompile>
    <ClCompile Include="Tower.cpp">
      <Filter>GameContent\Actor</Filter>
    </ClCompile>
    <ClCompile Include="Tile.cpp">
      <Filter>GameContent\Actor</Filter>
    </ClCompile>
    <ClCompile Include="Enemy.cpp">
      <Filter>GameContent\Actor</Filter>
    </ClCompile>
    <ClCompile Include="Bullet.cpp">
      <Filter>GameContent\Actor</Filter>
    </ClCompile>
    <ClCompile Include="InputManager.cpp">
      <Filter>GameContent\Manager</Filter>
    </ClCompile>
    <ClCompile Include="Math.cpp">
      <Filter>Utils</Filter>
    </ClCompile>
    <ClCompile Include="InputComponent.cpp">
      <Filter>GameContent\Component</Filter>
    </ClCompile>
    <ClCompile Include="Asteroid.cpp">
      <Filter>GameContent\Actor</Filter>
    </ClCompile>
    <ClCompile Include="Laser.cpp">
      <Filter>GameContent\Actor</Filter>
    </ClCompile>
    <ClCompile Include="Random.cpp">
      <Filter>Utils</Filter>
    </ClCompile>
    <ClCompile Include="PhysicsManager.cpp">
      <Filter>GameContent\Manager</Filter>
    </ClCompile>
    <ClCompile Include="BoxComponent.cpp">
      <Filter>GameContent\Component</Filter>
    </ClCompile>
    <ClCompile Include="CameraComponent.cpp">
      <Filter>GameContent\Component</Filter>
    </ClCompile>
    <ClCompile Include="FollowCameraComponent.cpp">
      <Filter>GameContent\Component</Filter>
    </ClCompile>
    <ClCompile Include="FollowActor.cpp">
      <Filter>GameContent\Actor</Filter>
    </ClCompile>
    <ClCompile Include="Font.cpp">
      <Filter>GameContent\GUI</Filter>
    </ClCompile>
    <ClCompile Include="Texture.cpp">
      <Filter>GameContent\GUI</Filter>
    </ClCompile>
    <ClCompile Include="UIScreen.cpp">
      <Filter>GameContent\GUI</Filter>
    </ClCompile>
    <ClCompile Include="UIButton.cpp">
      <Filter>GameContent\GUI</Filter>
    </ClCompile>
    <ClCompile Include="UIPauseMenu.cpp">
      <Filter>GameContent\GUI</Filter>
    </ClCompile>
    <ClCompile Include="UIDialog.cpp">
      <Filter>GameContent\GUI</Filter>
    </ClCompile>
    <ClCompile Include="TitleScene.cpp">
      <Filter>GameContent\Scene</Filter>
    </ClCompile>
    <ClCompile Include="NetworkManager.cpp">
      <Filter>GameContent\Manager</Filter>
    </ClCompile>
    <ClCompile Include="ServerInstance.cpp">
      <Filter>Network</Filter>
    </ClCompile>
    <ClCompile Include="PacketQueue.cpp">
      <Filter>Network</Filter>
    </ClCompile>
    <ClCompile Include="AnimSingleSpriteComponent.cpp">
      <Filter>GameContent\Component</Filter>
    </ClCompile>
    <ClCompile Include="GridComponent.cpp">
      <Filter>GameContent\Component</Filter>
    </ClCompile>
    <ClCompile Include="Player.cpp">
      <Filter>GameContent\Actor</Filter>
    </ClCompile>
    <ClCompile Include="MyPlayer.cpp">
      <Filter>GameContent\Actor</Filter>
    </ClCompile>
    <ClCompile Include="Monster.cpp">
      <Filter>GameContent\Actor</Filter>
    </ClCompile>
    <ClCompile Include="Creature.cpp">
      <Filter>GameContent\Actor</Filter>
    </ClCompile>
    <ClCompile Include="TransformComponent.cpp">
      <Filter>GameContent\Component</Filter>
    </ClCompile>
  </ItemGroup>
  <ItemGroup>
    <ClInclude Include="pch.h">
      <Filter>Utils</Filter>
    </ClInclude>
    <ClInclude Include="Enum.pb.h">
      <Filter>Protocol</Filter>
    </ClInclude>
    <ClInclude Include="Protocol.pb.h">
      <Filter>Protocol</Filter>
    </ClInclude>
    <ClInclude Include="Struct.pb.h">
      <Filter>Protocol</Filter>
    </ClInclude>
    <ClInclude Include="ServerSession.h">
      <Filter>Network</Filter>
    </ClInclude>
    <ClInclude Include="ServerPacketHandler.h">
      <Filter>Network</Filter>
    </ClInclude>
    <ClInclude Include="Math.h">
      <Filter>Utils</Filter>
    </ClInclude>
    <ClInclude Include="Game.h">
      <Filter>GameContent</Filter>
    </ClInclude>
    <ClInclude Include="Scene.h">
      <Filter>GameContent\Scene</Filter>
    </ClInclude>
    <ClInclude Include="PlayScene.h">
      <Filter>GameContent\Scene</Filter>
    </ClInclude>
    <ClInclude Include="Manager.h">
      <Filter>GameContent\Manager</Filter>
    </ClInclude>
    <ClInclude Include="SceneManager.h">
      <Filter>GameContent\Manager</Filter>
    </ClInclude>
    <ClInclude Include="Enums.h">
      <Filter>Utils</Filter>
    </ClInclude>
    <ClInclude Include="Actor.h">
      <Filter>GameContent\Actor</Filter>
    </ClInclude>
    <ClInclude Include="Component.h">
      <Filter>GameContent\Component</Filter>
    </ClInclude>
    <ClInclude Include="TimeManager.h">
      <Filter>GameContent\Manager</Filter>
    </ClInclude>
    <ClInclude Include="RenderManager.h">
      <Filter>GameContent\Manager</Filter>
    </ClInclude>
    <ClInclude Include="SpriteComponent.h">
      <Filter>GameContent\Component</Filter>
    </ClInclude>
    <ClInclude Include="AnimMultipleSpriteComponent.h">
      <Filter>GameContent\Component</Filter>
    </ClInclude>
    <ClInclude Include="Ship.h">
      <Filter>GameContent\Actor</Filter>
    </ClInclude>
    <ClInclude Include="AssetManager.h">
      <Filter>GameContent\Manager</Filter>
    </ClInclude>
    <ClInclude Include="Grid.h">
      <Filter>GameContent\Actor</Filter>
    </ClInclude>
    <ClInclude Include="AIComponent.h">
      <Filter>GameContent\Component</Filter>
    </ClInclude>
    <ClInclude Include="AIState.h">
      <Filter>GameContent\Component</Filter>
    </ClInclude>
    <ClInclude Include="CircleComponent.h">
      <Filter>GameContent\Component</Filter>
    </ClInclude>
    <ClInclude Include="MoveComponent.h">
      <Filter>GameContent\Component</Filter>
    </ClInclude>
    <ClInclude Include="NavComponent.h">
      <Filter>GameContent\Component</Filter>
    </ClInclude>
    <ClInclude Include="Tile.h">
      <Filter>GameContent\Actor</Filter>
    </ClInclude>
    <ClInclude Include="Tower.h">
      <Filter>GameContent\Actor</Filter>
    </ClInclude>
    <ClInclude Include="Enemy.h">
      <Filter>GameContent\Actor</Filter>
    </ClInclude>
    <ClInclude Include="Bullet.h">
      <Filter>GameContent\Actor</Filter>
    </ClInclude>
    <ClInclude Include="InputManager.h">
      <Filter>GameContent\Manager</Filter>
    </ClInclude>
    <ClInclude Include="InputComponent.h">
      <Filter>GameContent\Component</Filter>
    </ClInclude>
    <ClInclude Include="Asteroid.h">
      <Filter>GameContent\Actor</Filter>
    </ClInclude>
    <ClInclude Include="Laser.h">
      <Filter>GameContent\Actor</Filter>
    </ClInclude>
    <ClInclude Include="Random.h">
      <Filter>Utils</Filter>
    </ClInclude>
    <ClInclude Include="PhysicsManager.h">
      <Filter>GameContent\Manager</Filter>
    </ClInclude>
    <ClInclude Include="BoxComponent.h">
      <Filter>GameContent\Component</Filter>
    </ClInclude>
    <ClInclude Include="CameraComponent.h">
      <Filter>GameContent\Component</Filter>
    </ClInclude>
    <ClInclude Include="FollowCameraComponent.h">
      <Filter>GameContent\Component</Filter>
    </ClInclude>
    <ClInclude Include="FollowActor.h">
      <Filter>GameContent\Actor</Filter>
    </ClInclude>
    <ClInclude Include="Font.h">
      <Filter>GameContent\GUI</Filter>
    </ClInclude>
    <ClInclude Include="Texture.h">
      <Filter>GameContent\GUI</Filter>
    </ClInclude>
    <ClInclude Include="UIScreen.h">
      <Filter>GameContent\GUI</Filter>
    </ClInclude>
    <ClInclude Include="UIButton.h">
      <Filter>GameContent\GUI</Filter>
    </ClInclude>
    <ClInclude Include="UIDialog.h">
      <Filter>GameContent\GUI</Filter>
    </ClInclude>
    <ClInclude Include="UIPauseMenu.h">
      <Filter>GameContent\GUI</Filter>
    </ClInclude>
    <ClInclude Include="TitleScene.h">
      <Filter>GameContent\Scene</Filter>
    </ClInclude>
    <ClInclude Include="NetworkManager.h">
      <Filter>GameContent\Manager</Filter>
    </ClInclude>
    <ClInclude Include="ServerInstance.h">
      <Filter>Network</Filter>
    </ClInclude>
    <ClInclude Include="PacketQueue.h">
      <Filter>Network</Filter>
    </ClInclude>
    <ClInclude Include="AnimSingleSpriteComponent.h">
      <Filter>GameContent\Component</Filter>
    </ClInclude>
    <ClInclude Include="GridComponent.h">
      <Filter>GameContent\Component</Filter>
    </ClInclude>
    <ClInclude Include="Player.h">
      <Filter>GameContent\Actor</Filter>
    </ClInclude>
    <ClInclude Include="Creature.h">
      <Filter>GameContent\Actor</Filter>
    </ClInclude>
    <ClInclude Include="Monster.h">
      <Filter>GameContent\Actor</Filter>
    </ClInclude>
    <ClInclude Include="MyPlayer.h">
      <Filter>GameContent\Actor</Filter>
    </ClInclude>
    <ClInclude Include="TransformComponent.h">
      <Filter>GameContent\Component</Filter>
    </ClInclude>
  </ItemGroup>
  <ItemGroup>
    <None Include="..\Common\Protoc\Protocol.proto">
      <Filter>Protocol</Filter>
    </None>
    <None Include="..\Common\Protoc\Struct.proto">
      <Filter>Protocol</Filter>
    </None>
    <None Include="..\Common\Protoc\Enum.proto">
      <Filter>Protocol</Filter>
    </None>
  </ItemGroup>
</Project>